// !$*UTF8*$!
{
	archiveVersion = 1;
	classes = {
	};
	objectVersion = 50;
	objects = {

/* Begin PBXBuildFile section */
		A325CC632669995B0004596D /* AppDelegate.swift in Sources */ = {isa = PBXBuildFile; fileRef = A325CC622669995B0004596D /* AppDelegate.swift */; };
		A325CC6C266999610004596D /* Assets.xcassets in Resources */ = {isa = PBXBuildFile; fileRef = A325CC6B266999610004596D /* Assets.xcassets */; };
		A325CC6F266999610004596D /* LaunchScreen.storyboard in Resources */ = {isa = PBXBuildFile; fileRef = A325CC6D266999610004596D /* LaunchScreen.storyboard */; };
		A325CC8226699AEA0004596D /* Main.scn in Resources */ = {isa = PBXBuildFile; fileRef = A325CC8126699AEA0004596D /* Main.scn */; };
		A3E15DC32669AC2C00F23B53 /* SceneViewController.swift in Sources */ = {isa = PBXBuildFile; fileRef = A3E15DC12669AC2C00F23B53 /* SceneViewController.swift */; };
		A3E15DC42669AC2C00F23B53 /* SceneViewController.xib in Resources */ = {isa = PBXBuildFile; fileRef = A3E15DC22669AC2C00F23B53 /* SceneViewController.xib */; };
		A3E15DCB2669AF9F00F23B53 /* ViewController.swift in Sources */ = {isa = PBXBuildFile; fileRef = A3E15DC92669AF9F00F23B53 /* ViewController.swift */; };
		A3E15DCC2669AF9F00F23B53 /* ViewController.xib in Resources */ = {isa = PBXBuildFile; fileRef = A3E15DCA2669AF9F00F23B53 /* ViewController.xib */; };
/* End PBXBuildFile section */

/* Begin PBXFileReference section */
		A325CC5F2669995B0004596D /* ARPanorama.app */ = {isa = PBXFileReference; explicitFileType = wrapper.application; includeInIndex = 0; path = ARPanorama.app; sourceTree = BUILT_PRODUCTS_DIR; };
		A325CC622669995B0004596D /* AppDelegate.swift */ = {isa = PBXFileReference; lastKnownFileType = sourcecode.swift; path = AppDelegate.swift; sourceTree = "<group>"; };
		A325CC6B266999610004596D /* Assets.xcassets */ = {isa = PBXFileReference; lastKnownFileType = folder.assetcatalog; path = Assets.xcassets; sourceTree = "<group>"; };
		A325CC6E266999610004596D /* Base */ = {isa = PBXFileReference; lastKnownFileType = file.storyboard; name = Base; path = Base.lproj/LaunchScreen.storyboard; sourceTree = "<group>"; };
		A325CC70266999610004596D /* Info.plist */ = {isa = PBXFileReference; lastKnownFileType = text.plist.xml; path = Info.plist; sourceTree = "<group>"; };
		A325CC8126699AEA0004596D /* Main.scn */ = {isa = PBXFileReference; lastKnownFileType = file.bplist; path = Main.scn; sourceTree = "<group>"; };
		A3E15DC12669AC2C00F23B53 /* SceneViewController.swift */ = {isa = PBXFileReference; lastKnownFileType = sourcecode.swift; path = SceneViewController.swift; sourceTree = "<group>"; };
		A3E15DC22669AC2C00F23B53 /* SceneViewController.xib */ = {isa = PBXFileReference; lastKnownFileType = file.xib; path = SceneViewController.xib; sourceTree = "<group>"; };
		A3E15DC92669AF9F00F23B53 /* ViewController.swift */ = {isa = PBXFileReference; lastKnownFileType = sourcecode.swift; path = ViewController.swift; sourceTree = "<group>"; };
		A3E15DCA2669AF9F00F23B53 /* ViewController.xib */ = {isa = PBXFileReference; lastKnownFileType = file.xib; path = ViewController.xib; sourceTree = "<group>"; };
		A3E15DCF2669C16D00F23B53 /* README.md */ = {isa = PBXFileReference; lastKnownFileType = net.daringfireball.markdown; path = README.md; sourceTree = "<group>"; };
/* End PBXFileReference section */

/* Begin PBXFrameworksBuildPhase section */
		A325CC5C2669995B0004596D /* Frameworks */ = {
			isa = PBXFrameworksBuildPhase;
			buildActionMask = 2147483647;
			files = (
			);
			runOnlyForDeploymentPostprocessing = 0;
		};
/* End PBXFrameworksBuildPhase section */

/* Begin PBXGroup section */
		A325CC562669995B0004596D = {
			isa = PBXGroup;
			children = (
				A3E15DCF2669C16D00F23B53 /* README.md */,
				A325CC612669995B0004596D /* ARPanorama */,
				A325CC602669995B0004596D /* Products */,
			);
			sourceTree = "<group>";
		};
		A325CC602669995B0004596D /* Products */ = {
			isa = PBXGroup;
			children = (
				A325CC5F2669995B0004596D /* ARPanorama.app */,
			);
			name = Products;
			sourceTree = "<group>";
		};
		A325CC612669995B0004596D /* ARPanorama */ = {
			isa = PBXGroup;
			children = (
				A325CC8426699AF80004596D /* Resources */,
				A325CC8026699AD70004596D /* Scene */,
				A325CC7A266999830004596D /* ViewControllers */,
				A325CC622669995B0004596D /* AppDelegate.swift */,
				A325CC6D266999610004596D /* LaunchScreen.storyboard */,
				A325CC70266999610004596D /* Info.plist */,
			);
			path = ARPanorama;
			sourceTree = "<group>";
		};
		A325CC7A266999830004596D /* ViewControllers */ = {
			isa = PBXGroup;
			children = (
				A3E15DC12669AC2C00F23B53 /* SceneViewController.swift */,
				A3E15DC22669AC2C00F23B53 /* SceneViewController.xib */,
				A3E15DC92669AF9F00F23B53 /* ViewController.swift */,
				A3E15DCA2669AF9F00F23B53 /* ViewController.xib */,
			);
			path = ViewControllers;
			sourceTree = "<group>";
		};
		A325CC8026699AD70004596D /* Scene */ = {
			isa = PBXGroup;
			children = (
				A325CC8126699AEA0004596D /* Main.scn */,
			);
			path = Scene;
			sourceTree = "<group>";
		};
		A325CC8426699AF80004596D /* Resources */ = {
			isa = PBXGroup;
			children = (
				A325CC6B266999610004596D /* Assets.xcassets */,
			);
			path = Resources;
			sourceTree = "<group>";
		};
/* End PBXGroup section */

/* Begin PBXNativeTarget section */
		A325CC5E2669995B0004596D /* ARPanorama */ = {
			isa = PBXNativeTarget;
			buildConfigurationList = A325CC73266999610004596D /* Build configuration list for PBXNativeTarget "ARPanorama" */;
			buildPhases = (
				A325CC5B2669995B0004596D /* Sources */,
				A325CC5C2669995B0004596D /* Frameworks */,
				A325CC5D2669995B0004596D /* Resources */,
			);
			buildRules = (
			);
			dependencies = (
			);
			name = ARPanorama;
			productName = ARPanorama;
			productReference = A325CC5F2669995B0004596D /* ARPanorama.app */;
			productType = "com.apple.product-type.application";
		};
/* End PBXNativeTarget section */

/* Begin PBXProject section */
		A325CC572669995B0004596D /* Project object */ = {
			isa = PBXProject;
			attributes = {
				LastSwiftUpdateCheck = 1240;
				LastUpgradeCheck = 1240;
				TargetAttributes = {
					A325CC5E2669995B0004596D = {
						CreatedOnToolsVersion = 12.4;
					};
				};
			};
			buildConfigurationList = A325CC5A2669995B0004596D /* Build configuration list for PBXProject "ARPanorama" */;
			compatibilityVersion = "Xcode 9.3";
			developmentRegion = en;
			hasScannedForEncodings = 0;
			knownRegions = (
				en,
				Base,
			);
			mainGroup = A325CC562669995B0004596D;
			productRefGroup = A325CC602669995B0004596D /* Products */;
			projectDirPath = "";
			projectRoot = "";
			targets = (
				A325CC5E2669995B0004596D /* ARPanorama */,
			);
		};
/* End PBXProject section */

/* Begin PBXResourcesBuildPhase section */
		A325CC5D2669995B0004596D /* Resources */ = {
			isa = PBXResourcesBuildPhase;
			buildActionMask = 2147483647;
			files = (
				A325CC6F266999610004596D /* LaunchScreen.storyboard in Resources */,
				A3E15DC42669AC2C00F23B53 /* SceneViewController.xib in Resources */,
				A325CC6C266999610004596D /* Assets.xcassets in Resources */,
				A3E15DCC2669AF9F00F23B53 /* ViewController.xib in Resources */,
				A325CC8226699AEA0004596D /* Main.scn in Resources */,
			);
			runOnlyForDeploymentPostprocessing = 0;
		};
/* End PBXResourcesBuildPhase section */

/* Begin PBXSourcesBuildPhase section */
		A325CC5B2669995B0004596D /* Sources */ = {
			isa = PBXSourcesBuildPhase;
			buildActionMask = 2147483647;
			files = (
				A3E15DC32669AC2C00F23B53 /* SceneViewController.swift in Sources */,
				A3E15DCB2669AF9F00F23B53 /* ViewController.swift in Sources */,
				A325CC632669995B0004596D /* AppDelegate.swift in Sources */,
			);
			runOnlyForDeploymentPostprocessing = 0;
		};
/* End PBXSourcesBuildPhase section */

/* Begin PBXVariantGroup section */
		A325CC6D266999610004596D /* LaunchScreen.storyboard */ = {
			isa = PBXVariantGroup;
			children = (
				A325CC6E266999610004596D /* Base */,
			);
			name = LaunchScreen.storyboard;
			sourceTree = "<group>";
		};
/* End PBXVariantGroup section */

/* Begin XCBuildConfiguration section */
		A325CC71266999610004596D /* Debug */ = {
			isa = XCBuildConfiguration;
			buildSettings = {
				ALWAYS_SEARCH_USER_PATHS = NO;
				CLANG_ANALYZER_NONNULL = YES;
				CLANG_ANALYZER_NUMBER_OBJECT_CONVERSION = YES_AGGRESSIVE;
				CLANG_CXX_LANGUAGE_STANDARD = "gnu++14";
				CLANG_CXX_LIBRARY = "libc++";
				CLANG_ENABLE_MODULES = YES;
				CLANG_ENABLE_OBJC_ARC = YES;
				CLANG_ENABLE_OBJC_WEAK = YES;
				CLANG_WARN_BLOCK_CAPTURE_AUTORELEASING = YES;
				CLANG_WARN_BOOL_CONVERSION = YES;
				CLANG_WARN_COMMA = YES;
				CLANG_WARN_CONSTANT_CONVERSION = YES;
				CLANG_WARN_DEPRECATED_OBJC_IMPLEMENTATIONS = YES;
				CLANG_WARN_DIRECT_OBJC_ISA_USAGE = YES_ERROR;
				CLANG_WARN_DOCUMENTATION_COMMENTS = YES;
				CLANG_WARN_EMPTY_BODY = YES;
				CLANG_WARN_ENUM_CONVERSION = YES;
				CLANG_WARN_INFINITE_RECURSION = YES;
				CLANG_WARN_INT_CONVERSION = YES;
				CLANG_WARN_NON_LITERAL_NULL_CONVERSION = YES;
				CLANG_WARN_OBJC_IMPLICIT_RETAIN_SELF = YES;
				CLANG_WARN_OBJC_LITERAL_CONVERSION = YES;
				CLANG_WARN_OBJC_ROOT_CLASS = YES_ERROR;
				CLANG_WARN_QUOTED_INCLUDE_IN_FRAMEWORK_HEADER = YES;
				CLANG_WARN_RANGE_LOOP_ANALYSIS = YES;
				CLANG_WARN_STRICT_PROTOTYPES = YES;
				CLANG_WARN_SUSPICIOUS_MOVE = YES;
				CLANG_WARN_UNGUARDED_AVAILABILITY = YES_AGGRESSIVE;
				CLANG_WARN_UNREACHABLE_CODE = YES;
				CLANG_WARN__DUPLICATE_METHOD_MATCH = YES;
				COPY_PHASE_STRIP = NO;
				DEBUG_INFORMATION_FORMAT = dwarf;
				ENABLE_STRICT_OBJC_MSGSEND = YES;
				ENABLE_TESTABILITY = YES;
				GCC_C_LANGUAGE_STANDARD = gnu11;
				GCC_DYNAMIC_NO_PIC = NO;
				GCC_NO_COMMON_BLOCKS = YES;
				GCC_OPTIMIZATION_LEVEL = 0;
				GCC_PREPROCESSOR_DEFINITIONS = (
					"DEBUG=1",
					"$(inherited)",
				);
				GCC_WARN_64_TO_32_BIT_CONVERSION = YES;
				GCC_WARN_ABOUT_RETURN_TYPE = YES_ERROR;
				GCC_WARN_UNDECLARED_SELECTOR = YES;
				GCC_WARN_UNINITIALIZED_AUTOS = YES_AGGRESSIVE;
				GCC_WARN_UNUSED_FUNCTION = YES;
				GCC_WARN_UNUSED_VARIABLE = YES;
				IPHONEOS_DEPLOYMENT_TARGET = 14.4;
				MTL_ENABLE_DEBUG_INFO = INCLUDE_SOURCE;
				MTL_FAST_MATH = YES;
				ONLY_ACTIVE_ARCH = YES;
				SDKROOT = iphoneos;
				SWIFT_ACTIVE_COMPILATION_CONDITIONS = DEBUG;
				SWIFT_OPTIMIZATION_LEVEL = "-Onone";
			};
			name = Debug;
		};
		A325CC72266999610004596D /* Release */ = {
			isa = XCBuildConfiguration;
			buildSettings = {
				ALWAYS_SEARCH_USER_PATHS = NO;
				CLANG_ANALYZER_NONNULL = YES;
				CLANG_ANALYZER_NUMBER_OBJECT_CONVERSION = YES_AGGRESSIVE;
				CLANG_CXX_LANGUAGE_STANDARD = "gnu++14";
				CLANG_CXX_LIBRARY = "libc++";
				CLANG_ENABLE_MODULES = YES;
				CLANG_ENABLE_OBJC_ARC = YES;
				CLANG_ENABLE_OBJC_WEAK = YES;
				CLANG_WARN_BLOCK_CAPTURE_AUTORELEASING = YES;
				CLANG_WARN_BOOL_CONVERSION = YES;
				CLANG_WARN_COMMA = YES;
				CLANG_WARN_CONSTANT_CONVERSION = YES;
				CLANG_WARN_DEPRECATED_OBJC_IMPLEMENTATIONS = YES;
				CLANG_WARN_DIRECT_OBJC_ISA_USAGE = YES_ERROR;
				CLANG_WARN_DOCUMENTATION_COMMENTS = YES;
				CLANG_WARN_EMPTY_BODY = YES;
				CLANG_WARN_ENUM_CONVERSION = YES;
				CLANG_WARN_INFINITE_RECURSION = YES;
				CLANG_WARN_INT_CONVERSION = YES;
				CLANG_WARN_NON_LITERAL_NULL_CONVERSION = YES;
				CLANG_WARN_OBJC_IMPLICIT_RETAIN_SELF = YES;
				CLANG_WARN_OBJC_LITERAL_CONVERSION = YES;
				CLANG_WARN_OBJC_ROOT_CLASS = YES_ERROR;
				CLANG_WARN_QUOTED_INCLUDE_IN_FRAMEWORK_HEADER = YES;
				CLANG_WARN_RANGE_LOOP_ANALYSIS = YES;
				CLANG_WARN_STRICT_PROTOTYPES = YES;
				CLANG_WARN_SUSPICIOUS_MOVE = YES;
				CLANG_WARN_UNGUARDED_AVAILABILITY = YES_AGGRESSIVE;
				CLANG_WARN_UNREACHABLE_CODE = YES;
				CLANG_WARN__DUPLICATE_METHOD_MATCH = YES;
				COPY_PHASE_STRIP = NO;
				DEBUG_INFORMATION_FORMAT = "dwarf-with-dsym";
				ENABLE_NS_ASSERTIONS = NO;
				ENABLE_STRICT_OBJC_MSGSEND = YES;
				GCC_C_LANGUAGE_STANDARD = gnu11;
				GCC_NO_COMMON_BLOCKS = YES;
				GCC_WARN_64_TO_32_BIT_CONVERSION = YES;
				GCC_WARN_ABOUT_RETURN_TYPE = YES_ERROR;
				GCC_WARN_UNDECLARED_SELECTOR = YES;
				GCC_WARN_UNINITIALIZED_AUTOS = YES_AGGRESSIVE;
				GCC_WARN_UNUSED_FUNCTION = YES;
				GCC_WARN_UNUSED_VARIABLE = YES;
				IPHONEOS_DEPLOYMENT_TARGET = 14.4;
				MTL_ENABLE_DEBUG_INFO = NO;
				MTL_FAST_MATH = YES;
				SDKROOT = iphoneos;
				SWIFT_COMPILATION_MODE = wholemodule;
				SWIFT_OPTIMIZATION_LEVEL = "-O";
				VALIDATE_PRODUCT = YES;
			};
			name = Release;
		};
		A325CC74266999610004596D /* Debug */ = {
			isa = XCBuildConfiguration;
			buildSettings = {
				ASSETCATALOG_COMPILER_APPICON_NAME = AppIcon;
				ASSETCATALOG_COMPILER_GLOBAL_ACCENT_COLOR_NAME = AccentColor;
				CODE_SIGN_STYLE = Automatic;
				CURRENT_PROJECT_VERSION = 1;
				DEVELOPMENT_TEAM = ZTJ55TM37B;
				INFOPLIST_FILE = ARPanorama/Info.plist;
				IPHONEOS_DEPLOYMENT_TARGET = 13.6;
				LD_RUNPATH_SEARCH_PATHS = (
					"$(inherited)",
					"@executable_path/Frameworks",
				);
				MARKETING_VERSION = 1.0;
				PRODUCT_BUNDLE_IDENTIFIER = bluenose.ARPanorama;
				PRODUCT_NAME = "$(TARGET_NAME)";
				SWIFT_VERSION = 5.0;
				TARGETED_DEVICE_FAMILY = "1,2";
			};
			name = Debug;
		};
		A325CC75266999610004596D /* Release */ = {
			isa = XCBuildConfiguration;
			buildSettings = {
				ASSETCATALOG_COMPILER_APPICON_NAME = AppIcon;
				ASSETCATALOG_COMPILER_GLOBAL_ACCENT_COLOR_NAME = AccentColor;
				CODE_SIGN_STYLE = Automatic;
				CURRENT_PROJECT_VERSION = 1;
				DEVELOPMENT_TEAM = ZTJ55TM37B;
				INFOPLIST_FILE = ARPanorama/Info.plist;
				IPHONEOS_DEPLOYMENT_TARGET = 13.6;
				LD_RUNPATH_SEARCH_PATHS = (
					"$(inherited)",
					"@executable_path/Frameworks",
				);
				MARKETING_VERSION = 1.0;
				PRODUCT_BUNDLE_IDENTIFIER = bluenose.ARPanorama;
				PRODUCT_NAME = "$(TARGET_NAME)";
				SWIFT_VERSION = 5.0;
				TARGETED_DEVICE_FAMILY = "1,2";
			};
			name = Release;
		};
/* End XCBuildConfiguration section */

/* Begin XCConfigurationList section */
		A325CC5A2669995B0004596D /* Build configuration list for PBXProject "ARPanorama" */ = {
			isa = XCConfigurationList;
			buildConfigurations = (
				A325CC71266999610004596D /* Debug */,
				A325CC72266999610004596D /* Release */,
			);
			defaultConfigurationIsVisible = 0;
			defaultConfigurationName = Release;
		};
		A325CC73266999610004596D /* Build configuration list for PBXNativeTarget "ARPanorama" */ = {
			isa = XCConfigurationList;
			buildConfigurations = (
				A325CC74266999610004596D /* Debug */,
				A325CC75266999610004596D /* Release */,
			);
			defaultConfigurationIsVisible = 0;
			defaultConfigurationName = Release;
		};
/* End XCConfigurationList section */
	};
	rootObject = A325CC572669995B0004596D /* Project object */;
}
